{
    "_meta": {
        "hash": {
            "sha256": "ba7f75848385db81b6b4ee2e4c80769a13cb97650d4b307061be706230b288a3"
        },
        "pipfile-spec": 6,
        "requires": {
            "python_version": "2.7"
        },
        "sources": [
            {
                "name": "pypi",
                "url": "https://pypi.python.org/simple",
                "verify_ssl": true
            }
        ]
    },
    "default": {
        "coredatamodules": {
            "editable": true,
            "git": "ssh://git@github.com/AfricasVoices/CoreDataModules.git",
            "ref": "469ed338c22297f7296e315d0d185ddc869a4fbc"
        }
    },
    "develop": {}
}
