{
    "_meta": {
        "hash": {
            "sha256": "c7e60440bf6f3c8376227625ebde49086b4b8d64eaad4c06e8d92b2587d44fd7"
        },
        "pipfile-spec": 6,
        "requires": {
            "python_version": "2.7"
        },
        "sources": [
            {
                "name": "pypi",
                "url": "https://pypi.python.org/simple",
                "verify_ssl": true
            }
        ]
    },
    "default": {
        "coredatamodules": {
            "editable": true,
            "git": "https://www.github.com/AfricasVoices/CoreDataModules",
            "ref": "469ed338c22297f7296e315d0d185ddc869a4fbc"
        }
    },
    "develop": {}
}
